
Microsoft Visual Studio Solution File, Format Version 12.00
# Visual Studio 15
VisualStudioVersion = 15.0.27703.2042
MinimumVisualStudioVersion = 10.0.40219.1
Project("{8BC9CEB8-8B4A-11D0-8D11-00A0C91BC942}") = "SimpleMath", "SimpleMath\SimpleMath.vcxproj", "{B3740096-F2FD-4319-9201-06C02C2D9142}"
EndProject
Project("{8BC9CEB8-8B4A-11D0-8D11-00A0C91BC942}") = "Sample-Test1", "Sample-Test1\Sample-Test1.vcxproj", "{2BD704BA-7EB5-422A-B725-E4F15C941979}"
EndProject
Global
	GlobalSection(SolutionConfigurationPlatforms) = preSolution
		Debug|x64 = Debug|x64
		Debug|x86 = Debug|x86
		Release|x64 = Release|x64
		Release|x86 = Release|x86
	EndGlobalSection
	GlobalSection(ProjectConfigurationPlatforms) = postSolution
		{B3740096-F2FD-4319-9201-06C02C2D9142}.Debug|x64.ActiveCfg = Debug|x64
		{B3740096-F2FD-4319-9201-06C02C2D9142}.Debug|x64.Build.0 = Debug|x64
		{B3740096-F2FD-4319-9201-06C02C2D9142}.Debug|x86.ActiveCfg = Debug|Win32
		{B3740096-F2FD-4319-9201-06C02C2D9142}.Debug|x86.Build.0 = Debug|Win32
		{B3740096-F2FD-4319-9201-06C02C2D9142}.Release|x64.ActiveCfg = Release|x64
		{B3740096-F2FD-4319-9201-06C02C2D9142}.Release|x64.Build.0 = Release|x64
		{B3740096-F2FD-4319-9201-06C02C2D9142}.Release|x86.ActiveCfg = Release|Win32
		{B3740096-F2FD-4319-9201-06C02C2D9142}.Release|x86.Build.0 = Release|Win32
		{2BD704BA-7EB5-422A-B725-E4F15C941979}.Debug|x64.ActiveCfg = Debug|x64
		{2BD704BA-7EB5-422A-B725-E4F15C941979}.Debug|x64.Build.0 = Debug|x64
		{2BD704BA-7EB5-422A-B725-E4F15C941979}.Debug|x86.ActiveCfg = Debug|Win32
		{2BD704BA-7EB5-422A-B725-E4F15C941979}.Debug|x86.Build.0 = Debug|Win32
		{2BD704BA-7EB5-422A-B725-E4F15C941979}.Release|x64.ActiveCfg = Release|x64
		{2BD704BA-7EB5-422A-B725-E4F15C941979}.Release|x64.Build.0 = Release|x64
		{2BD704BA-7EB5-422A-B725-E4F15C941979}.Release|x86.ActiveCfg = Release|Win32
		{2BD704BA-7EB5-422A-B725-E4F15C941979}.Release|x86.Build.0 = Release|Win32
	EndGlobalSection
	GlobalSection(SolutionProperties) = preSolution
		HideSolutionNode = FALSE
	EndGlobalSection
	GlobalSection(ExtensibilityGlobals) = postSolution
		SolutionGuid = {E3492A1B-1655-40FA-9466-76583F75B986}
	EndGlobalSection
EndGlobal
